
Microsoft Visual Studio Solution File, Format Version 12.00
# Visual Studio Version 17
VisualStudioVersion = 17.7.34031.279
MinimumVisualStudioVersion = 10.0.40219.1
Project("{FAE04EC0-301F-11D3-BF4B-00C04F79EFBC}") = "CPN_StreamFileUpload_MicroService", "CPN_StreamFileUpload_MicroService\CPN_StreamFileUpload_MicroService.csproj", "{19C1C95E-8979-45A4-B4A0-341C4CE98266}"
EndProject
Global
	GlobalSection(SolutionConfigurationPlatforms) = preSolution
		Debug|Any CPU = Debug|Any CPU
		Release|Any CPU = Release|Any CPU
	EndGlobalSection
	GlobalSection(ProjectConfigurationPlatforms) = postSolution
		{19C1C95E-8979-45A4-B4A0-341C4CE98266}.Debug|Any CPU.ActiveCfg = Debug|Any CPU
		{19C1C95E-8979-45A4-B4A0-341C4CE98266}.Debug|Any CPU.Build.0 = Debug|Any CPU
		{19C1C95E-8979-45A4-B4A0-341C4CE98266}.Release|Any CPU.ActiveCfg = Release|Any CPU
		{19C1C95E-8979-45A4-B4A0-341C4CE98266}.Release|Any CPU.Build.0 = Release|Any CPU
	EndGlobalSection
	GlobalSection(SolutionProperties) = preSolution
		HideSolutionNode = FALSE
	EndGlobalSection
	GlobalSection(ExtensibilityGlobals) = postSolution
		SolutionGuid = {83AA2CD2-ECD6-481D-BAB5-A8748126D009}
	EndGlobalSection
EndGlobal
